{
  "originHash" : "452a25ac96648c9f3dd6be7555cfec1d9010e0c9591d76b67a22cffe2432dfa1",
  "pins" : [
    {
      "identity" : "ldrealm",
      "kind" : "remoteSourceControl",
      "location" : "https://github.com/rodrigosoldi/LDRealm.git",
      "state" : {
        "revision" : "601c3093dfc25806082bff856a4af02e71a6bfbd",
        "version" : "1.0.1"
      }
    },
    {
      "identity" : "swiftyjson",
      "kind" : "remoteSourceControl",
      "location" : "https://github.com/SwiftyJSON/SwiftyJSON.git",
      "state" : {
        "revision" : "af76cf3ef710b6ca5f8c05f3a31307d44a3c5828",
        "version" : "5.0.2"
      }
    }
  ],
  "version" : 3
}
